// !$*UTF8*$!
{
	archiveVersion = 1;
	classes = {
	};
	objectVersion = 50;
	objects = {

/* Begin PBXBuildFile section */
		970BA64C233D8E3D00A07195 /* AppDelegate.m in Sources */ = {isa = PBXBuildFile; fileRef = 970BA64B233D8E3D00A07195 /* AppDelegate.m */; };
		970BA64F233D8E3D00A07195 /* ViewController.m in Sources */ = {isa = PBXBuildFile; fileRef = 970BA64E233D8E3D00A07195 /* ViewController.m */; };
		970BA654233D8E3E00A07195 /* Assets.xcassets in Resources */ = {isa = PBXBuildFile; fileRef = 970BA653233D8E3E00A07195 /* Assets.xcassets */; };
		970BA657233D8E3E00A07195 /* LaunchScreen.storyboard in Resources */ = {isa = PBXBuildFile; fileRef = 970BA655233D8E3E00A07195 /* LaunchScreen.storyboard */; };
		970BA65A233D8E3E00A07195 /* main.m in Sources */ = {isa = PBXBuildFile; fileRef = 970BA659233D8E3E00A07195 /* main.m */; };
		9769B0A623471A53005B51BC /* RSSChannel.m in Sources */ = {isa = PBXBuildFile; fileRef = 9769B0A523471A53005B51BC /* RSSChannel.m */; };
		9769B0A9234721FD005B51BC /* RSSItem.m in Sources */ = {isa = PBXBuildFile; fileRef = 9769B0A8234721FD005B51BC /* RSSItem.m */; };
		9769B0AC23475730005B51BC /* WebViewController.m in Sources */ = {isa = PBXBuildFile; fileRef = 9769B0AB23475730005B51BC /* WebViewController.m */; };
		97A6CBF5234874E10033A0C1 /* ChannelViewController.m in Sources */ = {isa = PBXBuildFile; fileRef = 97A6CBF4234874E10033A0C1 /* ChannelViewController.m */; };
/* End PBXBuildFile section */

/* Begin PBXFileReference section */
		970BA647233D8E3D00A07195 /* Nerdfeed.app */ = {isa = PBXFileReference; explicitFileType = wrapper.application; includeInIndex = 0; path = Nerdfeed.app; sourceTree = BUILT_PRODUCTS_DIR; };
		970BA64A233D8E3D00A07195 /* AppDelegate.h */ = {isa = PBXFileReference; lastKnownFileType = sourcecode.c.h; path = AppDelegate.h; sourceTree = "<group>"; };
		970BA64B233D8E3D00A07195 /* AppDelegate.m */ = {isa = PBXFileReference; lastKnownFileType = sourcecode.c.objc; path = AppDelegate.m; sourceTree = "<group>"; };
		970BA64D233D8E3D00A07195 /* ViewController.h */ = {isa = PBXFileReference; lastKnownFileType = sourcecode.c.h; path = ViewController.h; sourceTree = "<group>"; };
		970BA64E233D8E3D00A07195 /* ViewController.m */ = {isa = PBXFileReference; lastKnownFileType = sourcecode.c.objc; path = ViewController.m; sourceTree = "<group>"; };
		970BA653233D8E3E00A07195 /* Assets.xcassets */ = {isa = PBXFileReference; lastKnownFileType = folder.assetcatalog; path = Assets.xcassets; sourceTree = "<group>"; };
		970BA656233D8E3E00A07195 /* Base */ = {isa = PBXFileReference; lastKnownFileType = file.storyboard; name = Base; path = Base.lproj/LaunchScreen.storyboard; sourceTree = "<group>"; };
		970BA658233D8E3E00A07195 /* Info.plist */ = {isa = PBXFileReference; lastKnownFileType = text.plist.xml; path = Info.plist; sourceTree = "<group>"; };
		970BA659233D8E3E00A07195 /* main.m */ = {isa = PBXFileReference; lastKnownFileType = sourcecode.c.objc; path = main.m; sourceTree = "<group>"; };
		9769B0A423471A53005B51BC /* RSSChannel.h */ = {isa = PBXFileReference; lastKnownFileType = sourcecode.c.h; path = RSSChannel.h; sourceTree = "<group>"; };
		9769B0A523471A53005B51BC /* RSSChannel.m */ = {isa = PBXFileReference; lastKnownFileType = sourcecode.c.objc; path = RSSChannel.m; sourceTree = "<group>"; };
		9769B0A7234721FD005B51BC /* RSSItem.h */ = {isa = PBXFileReference; lastKnownFileType = sourcecode.c.h; path = RSSItem.h; sourceTree = "<group>"; };
		9769B0A8234721FD005B51BC /* RSSItem.m */ = {isa = PBXFileReference; lastKnownFileType = sourcecode.c.objc; path = RSSItem.m; sourceTree = "<group>"; };
		9769B0AA23475730005B51BC /* WebViewController.h */ = {isa = PBXFileReference; lastKnownFileType = sourcecode.c.h; path = WebViewController.h; sourceTree = "<group>"; };
		9769B0AB23475730005B51BC /* WebViewController.m */ = {isa = PBXFileReference; lastKnownFileType = sourcecode.c.objc; path = WebViewController.m; sourceTree = "<group>"; };
		97A6CBF3234874E10033A0C1 /* ChannelViewController.h */ = {isa = PBXFileReference; lastKnownFileType = sourcecode.c.h; path = ChannelViewController.h; sourceTree = "<group>"; };
		97A6CBF4234874E10033A0C1 /* ChannelViewController.m */ = {isa = PBXFileReference; lastKnownFileType = sourcecode.c.objc; path = ChannelViewController.m; sourceTree = "<group>"; };
/* End PBXFileReference section */

/* Begin PBXFrameworksBuildPhase section */
		970BA644233D8E3D00A07195 /* Frameworks */ = {
			isa = PBXFrameworksBuildPhase;
			buildActionMask = 2147483647;
			files = (
			);
			runOnlyForDeploymentPostprocessing = 0;
		};
/* End PBXFrameworksBuildPhase section */

/* Begin PBXGroup section */
		970BA63E233D8E3D00A07195 = {
			isa = PBXGroup;
			children = (
				970BA649233D8E3D00A07195 /* Nerdfeed */,
				970BA648233D8E3D00A07195 /* Products */,
			);
			sourceTree = "<group>";
		};
		970BA648233D8E3D00A07195 /* Products */ = {
			isa = PBXGroup;
			children = (
				970BA647233D8E3D00A07195 /* Nerdfeed.app */,
			);
			name = Products;
			sourceTree = "<group>";
		};
		970BA649233D8E3D00A07195 /* Nerdfeed */ = {
			isa = PBXGroup;
			children = (
				970BA64A233D8E3D00A07195 /* AppDelegate.h */,
				970BA64B233D8E3D00A07195 /* AppDelegate.m */,
				970BA64D233D8E3D00A07195 /* ViewController.h */,
				970BA64E233D8E3D00A07195 /* ViewController.m */,
				97A6CBF3234874E10033A0C1 /* ChannelViewController.h */,
				97A6CBF4234874E10033A0C1 /* ChannelViewController.m */,
				9769B0AA23475730005B51BC /* WebViewController.h */,
				9769B0AB23475730005B51BC /* WebViewController.m */,
				9769B0A7234721FD005B51BC /* RSSItem.h */,
				9769B0A8234721FD005B51BC /* RSSItem.m */,
				970BA653233D8E3E00A07195 /* Assets.xcassets */,
				970BA655233D8E3E00A07195 /* LaunchScreen.storyboard */,
				970BA658233D8E3E00A07195 /* Info.plist */,
				970BA659233D8E3E00A07195 /* main.m */,
				9769B0A423471A53005B51BC /* RSSChannel.h */,
				9769B0A523471A53005B51BC /* RSSChannel.m */,
			);
			path = Nerdfeed;
			sourceTree = "<group>";
		};
/* End PBXGroup section */

/* Begin PBXNativeTarget section */
		970BA646233D8E3D00A07195 /* Nerdfeed */ = {
			isa = PBXNativeTarget;
			buildConfigurationList = 970BA65D233D8E3E00A07195 /* Build configuration list for PBXNativeTarget "Nerdfeed" */;
			buildPhases = (
				970BA643233D8E3D00A07195 /* Sources */,
				970BA644233D8E3D00A07195 /* Frameworks */,
				970BA645233D8E3D00A07195 /* Resources */,
			);
			buildRules = (
			);
			dependencies = (
			);
			name = Nerdfeed;
			productName = Nerdfeed;
			productReference = 970BA647233D8E3D00A07195 /* Nerdfeed.app */;
			productType = "com.apple.product-type.application";
		};
/* End PBXNativeTarget section */

/* Begin PBXProject section */
		970BA63F233D8E3D00A07195 /* Project object */ = {
			isa = PBXProject;
			attributes = {
				LastUpgradeCheck = 1030;
				ORGANIZATIONNAME = "rhino Q";
				TargetAttributes = {
					970BA646233D8E3D00A07195 = {
						CreatedOnToolsVersion = 10.3;
					};
				};
			};
			buildConfigurationList = 970BA642233D8E3D00A07195 /* Build configuration list for PBXProject "Nerdfeed" */;
			compatibilityVersion = "Xcode 9.3";
			developmentRegion = en;
			hasScannedForEncodings = 0;
			knownRegions = (
				en,
				Base,
			);
			mainGroup = 970BA63E233D8E3D00A07195;
			productRefGroup = 970BA648233D8E3D00A07195 /* Products */;
			projectDirPath = "";
			projectRoot = "";
			targets = (
				970BA646233D8E3D00A07195 /* Nerdfeed */,
			);
		};
/* End PBXProject section */

/* Begin PBXResourcesBuildPhase section */
		970BA645233D8E3D00A07195 /* Resources */ = {
			isa = PBXResourcesBuildPhase;
			buildActionMask = 2147483647;
			files = (
				970BA657233D8E3E00A07195 /* LaunchScreen.storyboard in Resources */,
				970BA654233D8E3E00A07195 /* Assets.xcassets in Resources */,
			);
			runOnlyForDeploymentPostprocessing = 0;
		};
/* End PBXResourcesBuildPhase section */

/* Begin PBXSourcesBuildPhase section */
		970BA643233D8E3D00A07195 /* Sources */ = {
			isa = PBXSourcesBuildPhase;
			buildActionMask = 2147483647;
			files = (
				9769B0A623471A53005B51BC /* RSSChannel.m in Sources */,
				9769B0AC23475730005B51BC /* WebViewController.m in Sources */,
				9769B0A9234721FD005B51BC /* RSSItem.m in Sources */,
				970BA64F233D8E3D00A07195 /* ViewController.m in Sources */,
				970BA65A233D8E3E00A07195 /* main.m in Sources */,
				970BA64C233D8E3D00A07195 /* AppDelegate.m in Sources */,
				97A6CBF5234874E10033A0C1 /* ChannelViewController.m in Sources */,
			);
			runOnlyForDeploymentPostprocessing = 0;
		};
/* End PBXSourcesBuildPhase section */

/* Begin PBXVariantGroup section */
		970BA655233D8E3E00A07195 /* LaunchScreen.storyboard */ = {
			isa = PBXVariantGroup;
			children = (
				970BA656233D8E3E00A07195 /* Base */,
			);
			name = LaunchScreen.storyboard;
			sourceTree = "<group>";
		};
/* End PBXVariantGroup section */

/* Begin XCBuildConfiguration section */
		970BA65B233D8E3E00A07195 /* Debug */ = {
			isa = XCBuildConfiguration;
			buildSettings = {
				ALWAYS_SEARCH_USER_PATHS = NO;
				CLANG_ANALYZER_NONNULL = YES;
				CLANG_ANALYZER_NUMBER_OBJECT_CONVERSION = YES_AGGRESSIVE;
				CLANG_CXX_LANGUAGE_STANDARD = "gnu++14";
				CLANG_CXX_LIBRARY = "libc++";
				CLANG_ENABLE_MODULES = YES;
				CLANG_ENABLE_OBJC_ARC = YES;
				CLANG_ENABLE_OBJC_WEAK = YES;
				CLANG_WARN_BLOCK_CAPTURE_AUTORELEASING = YES;
				CLANG_WARN_BOOL_CONVERSION = YES;
				CLANG_WARN_COMMA = YES;
				CLANG_WARN_CONSTANT_CONVERSION = YES;
				CLANG_WARN_DEPRECATED_OBJC_IMPLEMENTATIONS = YES;
				CLANG_WARN_DIRECT_OBJC_ISA_USAGE = YES_ERROR;
				CLANG_WARN_DOCUMENTATION_COMMENTS = YES;
				CLANG_WARN_EMPTY_BODY = YES;
				CLANG_WARN_ENUM_CONVERSION = YES;
				CLANG_WARN_INFINITE_RECURSION = YES;
				CLANG_WARN_INT_CONVERSION = YES;
				CLANG_WARN_NON_LITERAL_NULL_CONVERSION = YES;
				CLANG_WARN_OBJC_IMPLICIT_RETAIN_SELF = YES;
				CLANG_WARN_OBJC_LITERAL_CONVERSION = YES;
				CLANG_WARN_OBJC_ROOT_CLASS = YES_ERROR;
				CLANG_WARN_RANGE_LOOP_ANALYSIS = YES;
				CLANG_WARN_STRICT_PROTOTYPES = YES;
				CLANG_WARN_SUSPICIOUS_MOVE = YES;
				CLANG_WARN_UNGUARDED_AVAILABILITY = YES_AGGRESSIVE;
				CLANG_WARN_UNREACHABLE_CODE = YES;
				CLANG_WARN__DUPLICATE_METHOD_MATCH = YES;
				CODE_SIGN_IDENTITY = "iPhone Developer";
				COPY_PHASE_STRIP = NO;
				DEBUG_INFORMATION_FORMAT = dwarf;
				ENABLE_STRICT_OBJC_MSGSEND = YES;
				ENABLE_TESTABILITY = YES;
				GCC_C_LANGUAGE_STANDARD = gnu11;
				GCC_DYNAMIC_NO_PIC = NO;
				GCC_NO_COMMON_BLOCKS = YES;
				GCC_OPTIMIZATION_LEVEL = 0;
				GCC_PREPROCESSOR_DEFINITIONS = (
					"DEBUG=1",
					"$(inherited)",
				);
				GCC_WARN_64_TO_32_BIT_CONVERSION = YES;
				GCC_WARN_ABOUT_RETURN_TYPE = YES_ERROR;
				GCC_WARN_UNDECLARED_SELECTOR = YES;
				GCC_WARN_UNINITIALIZED_AUTOS = YES_AGGRESSIVE;
				GCC_WARN_UNUSED_FUNCTION = YES;
				GCC_WARN_UNUSED_VARIABLE = YES;
				IPHONEOS_DEPLOYMENT_TARGET = 12.4;
				MTL_ENABLE_DEBUG_INFO = INCLUDE_SOURCE;
				MTL_FAST_MATH = YES;
				ONLY_ACTIVE_ARCH = YES;
				SDKROOT = iphoneos;
			};
			name = Debug;
		};
		970BA65C233D8E3E00A07195 /* Release */ = {
			isa = XCBuildConfiguration;
			buildSettings = {
				ALWAYS_SEARCH_USER_PATHS = NO;
				CLANG_ANALYZER_NONNULL = YES;
				CLANG_ANALYZER_NUMBER_OBJECT_CONVERSION = YES_AGGRESSIVE;
				CLANG_CXX_LANGUAGE_STANDARD = "gnu++14";
				CLANG_CXX_LIBRARY = "libc++";
				CLANG_ENABLE_MODULES = YES;
				CLANG_ENABLE_OBJC_ARC = YES;
				CLANG_ENABLE_OBJC_WEAK = YES;
				CLANG_WARN_BLOCK_CAPTURE_AUTORELEASING = YES;
				CLANG_WARN_BOOL_CONVERSION = YES;
				CLANG_WARN_COMMA = YES;
				CLANG_WARN_CONSTANT_CONVERSION = YES;
				CLANG_WARN_DEPRECATED_OBJC_IMPLEMENTATIONS = YES;
				CLANG_WARN_DIRECT_OBJC_ISA_USAGE = YES_ERROR;
				CLANG_WARN_DOCUMENTATION_COMMENTS = YES;
				CLANG_WARN_EMPTY_BODY = YES;
				CLANG_WARN_ENUM_CONVERSION = YES;
				CLANG_WARN_INFINITE_RECURSION = YES;
				CLANG_WARN_INT_CONVERSION = YES;
				CLANG_WARN_NON_LITERAL_NULL_CONVERSION = YES;
				CLANG_WARN_OBJC_IMPLICIT_RETAIN_SELF = YES;
				CLANG_WARN_OBJC_LITERAL_CONVERSION = YES;
				CLANG_WARN_OBJC_ROOT_CLASS = YES_ERROR;
				CLANG_WARN_RANGE_LOOP_ANALYSIS = YES;
				CLANG_WARN_STRICT_PROTOTYPES = YES;
				CLANG_WARN_SUSPICIOUS_MOVE = YES;
				CLANG_WARN_UNGUARDED_AVAILABILITY = YES_AGGRESSIVE;
				CLANG_WARN_UNREACHABLE_CODE = YES;
				CLANG_WARN__DUPLICATE_METHOD_MATCH = YES;
				CODE_SIGN_IDENTITY = "iPhone Developer";
				COPY_PHASE_STRIP = NO;
				DEBUG_INFORMATION_FORMAT = "dwarf-with-dsym";
				ENABLE_NS_ASSERTIONS = NO;
				ENABLE_STRICT_OBJC_MSGSEND = YES;
				GCC_C_LANGUAGE_STANDARD = gnu11;
				GCC_NO_COMMON_BLOCKS = YES;
				GCC_WARN_64_TO_32_BIT_CONVERSION = YES;
				GCC_WARN_ABOUT_RETURN_TYPE = YES_ERROR;
				GCC_WARN_UNDECLARED_SELECTOR = YES;
				GCC_WARN_UNINITIALIZED_AUTOS = YES_AGGRESSIVE;
				GCC_WARN_UNUSED_FUNCTION = YES;
				GCC_WARN_UNUSED_VARIABLE = YES;
				IPHONEOS_DEPLOYMENT_TARGET = 12.4;
				MTL_ENABLE_DEBUG_INFO = NO;
				MTL_FAST_MATH = YES;
				SDKROOT = iphoneos;
				VALIDATE_PRODUCT = YES;
			};
			name = Release;
		};
		970BA65E233D8E3E00A07195 /* Debug */ = {
			isa = XCBuildConfiguration;
			buildSettings = {
				ASSETCATALOG_COMPILER_APPICON_NAME = AppIcon;
				CODE_SIGN_STYLE = Automatic;
				DEVELOPMENT_TEAM = Q7MBG3B536;
				INFOPLIST_FILE = Nerdfeed/Info.plist;
				LD_RUNPATH_SEARCH_PATHS = (
					"$(inherited)",
					"@executable_path/Frameworks",
				);
				PRODUCT_BUNDLE_IDENTIFIER = com.rhino.Nerdfeed;
				PRODUCT_NAME = "$(TARGET_NAME)";
				TARGETED_DEVICE_FAMILY = "1,2";
			};
			name = Debug;
		};
		970BA65F233D8E3E00A07195 /* Release */ = {
			isa = XCBuildConfiguration;
			buildSettings = {
				ASSETCATALOG_COMPILER_APPICON_NAME = AppIcon;
				CODE_SIGN_STYLE = Automatic;
				DEVELOPMENT_TEAM = Q7MBG3B536;
				INFOPLIST_FILE = Nerdfeed/Info.plist;
				LD_RUNPATH_SEARCH_PATHS = (
					"$(inherited)",
					"@executable_path/Frameworks",
				);
				PRODUCT_BUNDLE_IDENTIFIER = com.rhino.Nerdfeed;
				PRODUCT_NAME = "$(TARGET_NAME)";
				TARGETED_DEVICE_FAMILY = "1,2";
			};
			name = Release;
		};
/* End XCBuildConfiguration section */

/* Begin XCConfigurationList section */
		970BA642233D8E3D00A07195 /* Build configuration list for PBXProject "Nerdfeed" */ = {
			isa = XCConfigurationList;
			buildConfigurations = (
				970BA65B233D8E3E00A07195 /* Debug */,
				970BA65C233D8E3E00A07195 /* Release */,
			);
			defaultConfigurationIsVisible = 0;
			defaultConfigurationName = Release;
		};
		970BA65D233D8E3E00A07195 /* Build configuration list for PBXNativeTarget "Nerdfeed" */ = {
			isa = XCConfigurationList;
			buildConfigurations = (
				970BA65E233D8E3E00A07195 /* Debug */,
				970BA65F233D8E3E00A07195 /* Release */,
			);
			defaultConfigurationIsVisible = 0;
			defaultConfigurationName = Release;
		};
/* End XCConfigurationList section */
	};
	rootObject = 970BA63F233D8E3D00A07195 /* Project object */;
}
